{
  "version": 4,
  "terraform_version": "1.14.8",
  "serial": 51,
  "lineage": "48dd89f2-de0f-3b09-ee74-8b56b1e08f15",
  "outputs": {
    "alb_security_group_id": {
      "value": "sg-0c67c2a7481cb1cdd",
      "type": "string"
    },
    "app_security_group_id": {
      "value": "sg-0303d7e8e0a0c472f",
      "type": "string"
    },
    "dynamodb_processing_events_table_name": {
      "value": "document-processing-events",
      "type": "string"
    },
    "internet_gateway_id": {
      "value": "igw-0f7e0b72fe5e1ad55",
      "type": "string"
    },
    "kafka_security_group_id": {
      "value": "sg-05093800caea2b13b",
      "type": "string"
    },
    "nat_gateway_id": {
      "value": "nat-098af6fc7c89f78ec",
      "type": "string"
    },
    "private_app_subnet_ids": {
      "value": [
        "subnet-0e40d2d2605f6edd5",
        "subnet-0b490087d68cd1171"
      ],
      "type": [
        "tuple",
        [
          "string",
          "string"
        ]
      ]
    },
    "private_db_subnet_ids": {
      "value": [
        "subnet-0f49ba7e3036669db",
        "subnet-06f041c841a9a7c66"
      ],
      "type": [
        "tuple",
        [
          "string",
          "string"
        ]
      ]
    },
    "public_subnet_ids": {
      "value": [
        "subnet-04ace0c2d9ec62b2f",
        "subnet-028d08dfa92cb9fc5"
      ],
      "type": [
        "tuple",
        [
          "string",
          "string"
        ]
      ]
    },
    "rds_address": {
      "value": "document-processing-lab-postgres.citoiiik82ao.us-east-1.rds.amazonaws.com",
      "type": "string"
    },
    "rds_endpoint": {
      "value": "document-processing-lab-postgres.citoiiik82ao.us-east-1.rds.amazonaws.com:5432",
      "type": "string"
    },
    "rds_port": {
      "value": 5432,
      "type": "number"
    },
    "rds_security_group_id": {
      "value": "sg-054c2e9f4f8f452fe",
      "type": "string"
    },
    "s3_exports_bucket_name": {
      "value": "document-processing-lab-exports-poc-lipe-202605",
      "type": "string"
    },
    "ssh_security_group_id": {
      "value": "sg-01f297abca306daa9",
      "type": "string"
    },
    "vpc_id": {
      "value": "vpc-07b1aeb48357f3c8c",
      "type": "string"
    }
  },
  "resources": [
    {
      "mode": "managed",
      "type": "aws_db_instance",
      "name": "postgres",
      "provider": "provider[\"registry.terraform.io/hashicorp/aws\"]",
      "instances": [
        {
          "schema_version": 2,
          "attributes": {
            "address": "document-processing-lab-postgres.citoiiik82ao.us-east-1.rds.amazonaws.com",
            "allocated_storage": 20,
            "allow_major_version_upgrade": null,
            "apply_immediately": false,
            "arn": "arn:aws:rds:us-east-1:697675505426:db:document-processing-lab-postgres",
            "auto_minor_version_upgrade": true,
            "availability_zone": "us-east-1a",
            "backup_retention_period": 0,
            "backup_target": "region",
            "backup_window": "04:18-04:48",
            "blue_green_update": [],
            "ca_cert_identifier": "rds-ca-rsa2048-g1",
            "character_set_name": "",
            "copy_tags_to_snapshot": false,
            "custom_iam_instance_profile": "",
            "customer_owned_ip_enabled": false,
            "database_insights_mode": "standard",
            "db_name": "documentsdb",
            "db_subnet_group_name": "document-processing-lab-db-subnet-group",
            "dedicated_log_volume": false,
            "delete_automated_backups": true,
            "deletion_protection": false,
            "domain": "",
            "domain_auth_secret_arn": "",
            "domain_dns_ips": null,
            "domain_fqdn": "",
            "domain_iam_role_name": "",
            "domain_ou": "",
            "enabled_cloudwatch_logs_exports": null,
            "endpoint": "document-processing-lab-postgres.citoiiik82ao.us-east-1.rds.amazonaws.com:5432",
            "engine": "postgres",
            "engine_lifecycle_support": "open-source-rds-extended-support",
            "engine_version": "16",
            "engine_version_actual": "16.13",
            "final_snapshot_identifier": null,
            "hosted_zone_id": "Z2R2ITUGPM61AM",
            "iam_database_authentication_enabled": false,
            "id": "db-NH3EUIN5SZP5ISFJ7KAOGLK5II",
            "identifier": "document-processing-lab-postgres",
            "identifier_prefix": "",
            "instance_class": "db.t4g.micro",
            "iops": 0,
            "kms_key_id": "arn:aws:kms:us-east-1:697675505426:key/fc1d39a2-7201-4b3c-9a8d-b8b2a4f9c65c",
            "latest_restorable_time": "",
            "license_model": "postgresql-license",
            "listener_endpoint": [],
            "maintenance_window": "thu:06:15-thu:06:45",
            "manage_master_user_password": null,
            "master_user_secret": [],
            "master_user_secret_kms_key_id": null,
            "max_allocated_storage": 0,
            "monitoring_interval": 0,
            "monitoring_role_arn": "",
            "multi_az": false,
            "nchar_character_set_name": "",
            "network_type": "IPV4",
            "option_group_name": "default:postgres-16",
            "parameter_group_name": "default.postgres16",
            "password": "TroqueEssaSenha123!",
            "password_wo": null,
            "password_wo_version": null,
            "performance_insights_enabled": false,
            "performance_insights_kms_key_id": "",
            "performance_insights_retention_period": 0,
            "port": 5432,
            "publicly_accessible": false,
            "region": "us-east-1",
            "replica_mode": "",
            "replicas": [],
            "replicate_source_db": "",
            "resource_id": "db-NH3EUIN5SZP5ISFJ7KAOGLK5II",
            "restore_to_point_in_time": [],
            "s3_import": [],
            "skip_final_snapshot": true,
            "snapshot_identifier": null,
            "status": "available",
            "storage_encrypted": true,
            "storage_throughput": 0,
            "storage_type": "gp2",
            "tags": {
              "Name": "document-processing-lab-postgres",
              "Project": "document-processing-lab"
            },
            "tags_all": {
              "Name": "document-processing-lab-postgres",
              "Project": "document-processing-lab"
            },
            "timeouts": null,
            "timezone": "",
            "upgrade_rollout_order": "second",
            "upgrade_storage_config": null,
            "username": "postgres",
            "vpc_security_group_ids": [
              "sg-054c2e9f4f8f452fe"
            ]
          },
          "sensitive_attributes": [
            [
              {
                "type": "get_attr",
                "value": "password"
              }
            ],
            [
              {
                "type": "get_attr",
                "value": "password_wo"
              }
            ]
          ],
          "identity_schema_version": 0,
          "private": "eyJlMmJmYjczMC1lY2FhLTExZTYtOGY4OC0zNDM2M2JjN2M0YzAiOnsiY3JlYXRlIjozMDAwMDAwMDAwMDAwLCJkZWxldGUiOjM2MDAwMDAwMDAwMDAsInVwZGF0ZSI6NDgwMDAwMDAwMDAwMH0sInNjaGVtYV92ZXJzaW9uIjoiMiJ9",
          "dependencies": [
            "aws_db_subnet_group.main",
            "aws_security_group.rds",
            "aws_subnet.private_db",
            "aws_vpc.main"
          ]
        }
      ]
    },
    {
      "mode": "managed",
      "type": "aws_db_subnet_group",
      "name": "main",
      "provider": "provider[\"registry.terraform.io/hashicorp/aws\"]",
      "instances": [
        {
          "schema_version": 0,
          "attributes": {
            "arn": "arn:aws:rds:us-east-1:697675505426:subgrp:document-processing-lab-db-subnet-group",
            "description": "Managed by Terraform",
            "id": "document-processing-lab-db-subnet-group",
            "name": "document-processing-lab-db-subnet-group",
            "name_prefix": "",
            "region": "us-east-1",
            "subnet_ids": [
              "subnet-06f041c841a9a7c66",
              "subnet-0f49ba7e3036669db"
            ],
            "supported_network_types": [
              "IPV4"
            ],
            "tags": {
              "Name": "document-processing-lab-db-subnet-group",
              "Project": "document-processing-lab"
            },
            "tags_all": {
              "Name": "document-processing-lab-db-subnet-group",
              "Project": "document-processing-lab"
            },
            "vpc_id": "vpc-07b1aeb48357f3c8c"
          },
          "sensitive_attributes": [],
          "identity_schema_version": 0,
          "identity": {
            "account_id": "697675505426",
            "name": "document-processing-lab-db-subnet-group",
            "region": "us-east-1"
          },
          "private": "bnVsbA==",
          "dependencies": [
            "aws_subnet.private_db",
            "aws_vpc.main"
          ]
        }
      ]
    },
    {
      "mode": "managed",
      "type": "aws_dynamodb_table",
      "name": "processing_events",
      "provider": "provider[\"registry.terraform.io/hashicorp/aws\"]",
      "instances": [
        {
          "schema_version": 1,
          "attributes": {
            "arn": "arn:aws:dynamodb:us-east-1:697675505426:table/document-processing-events",
            "attribute": [
              {
                "name": "documentId",
                "type": "S"
              },
              {
                "name": "eventId",
                "type": "S"
              },
              {
                "name": "status",
                "type": "S"
              }
            ],
            "billing_mode": "PAY_PER_REQUEST",
            "deletion_protection_enabled": false,
            "global_secondary_index": [
              {
                "hash_key": "status",
                "key_schema": [
                  {
                    "attribute_name": "status",
                    "key_type": "HASH"
                  }
                ],
                "name": "status-index",
                "non_key_attributes": [],
                "on_demand_throughput": [],
                "projection_type": "ALL",
                "range_key": "",
                "read_capacity": 0,
                "warm_throughput": [],
                "write_capacity": 0
              }
            ],
            "global_table_witness": [],
            "hash_key": "documentId",
            "id": "document-processing-events",
            "import_table": [],
            "local_secondary_index": [],
            "name": "document-processing-events",
            "on_demand_throughput": [],
            "point_in_time_recovery": [
              {
                "enabled": false,
                "recovery_period_in_days": 0
              }
            ],
            "range_key": "eventId",
            "read_capacity": 0,
            "region": "us-east-1",
            "replica": [],
            "restore_backup_arn": null,
            "restore_date_time": null,
            "restore_source_name": null,
            "restore_source_table_arn": null,
            "restore_to_latest_time": null,
            "server_side_encryption": [],
            "stream_arn": "",
            "stream_enabled": false,
            "stream_label": "",
            "stream_view_type": "",
            "table_class": "STANDARD",
            "tags": {
              "Name": "document-processing-events",
              "Project": "document-processing-lab"
            },
            "tags_all": {
              "Name": "document-processing-events",
              "Project": "document-processing-lab"
            },
            "timeouts": null,
            "ttl": [
              {
                "attribute_name": "",
                "enabled": false
              }
            ],
            "warm_throughput": [],
            "write_capacity": 0
          },
          "sensitive_attributes": [],
          "identity_schema_version": 0,
          "identity": {
            "account_id": "697675505426",
            "name": "document-processing-events",
            "region": "us-east-1"
          },
          "private": "eyJlMmJmYjczMC1lY2FhLTExZTYtOGY4OC0zNDM2M2JjN2M0YzAiOnsiY3JlYXRlIjoxODAwMDAwMDAwMDAwLCJkZWxldGUiOjYwMDAwMDAwMDAwMCwidXBkYXRlIjozNjAwMDAwMDAwMDAwfSwic2NoZW1hX3ZlcnNpb24iOiIxIn0="
        }
      ]
    },
    {
      "mode": "managed",
      "type": "aws_eip",
      "name": "nat",
      "provider": "provider[\"registry.terraform.io/hashicorp/aws\"]",
      "instances": [
        {
          "schema_version": 0,
          "attributes": {
            "address": null,
            "allocation_id": "eipalloc-08d73211ac60af6e5",
            "arn": "arn:aws:ec2:us-east-1:697675505426:elastic-ip/eipalloc-08d73211ac60af6e5",
            "associate_with_private_ip": null,
            "association_id": "eipassoc-0ce04d2367a936d50",
            "carrier_ip": "",
            "customer_owned_ip": "",
            "customer_owned_ipv4_pool": "",
            "domain": "vpc",
            "id": "eipalloc-08d73211ac60af6e5",
            "instance": "",
            "ipam_pool_id": "",
            "network_border_group": "us-east-1",
            "network_interface": "eni-088513d8f764cf049",
            "private_dns": "ip-10-0-1-99.ec2.internal",
            "private_ip": "10.0.1.99",
            "ptr_record": "",
            "public_dns": "ec2-35-172-51-108.compute-1.amazonaws.com",
            "public_ip": "35.172.51.108",
            "public_ipv4_pool": "amazon",
            "region": "us-east-1",
            "tags": {
              "Name": "document-processing-lab-nat-eip",
              "Project": "document-processing-lab"
            },
            "tags_all": {
              "Name": "document-processing-lab-nat-eip",
              "Project": "document-processing-lab"
            },
            "timeouts": null
          },
          "sensitive_attributes": [],
          "identity_schema_version": 0,
          "identity": {
            "account_id": "697675505426",
            "id": "eipalloc-08d73211ac60af6e5",
            "region": "us-east-1"
          },
          "private": "eyJlMmJmYjczMC1lY2FhLTExZTYtOGY4OC0zNDM2M2JjN2M0YzAiOnsiZGVsZXRlIjoxODAwMDAwMDAwMDAsInJlYWQiOjkwMDAwMDAwMDAwMCwidXBkYXRlIjozMDAwMDAwMDAwMDB9fQ=="
        }
      ]
    },
    {
      "mode": "managed",
      "type": "aws_internet_gateway",
      "name": "main",
      "provider": "provider[\"registry.terraform.io/hashicorp/aws\"]",
      "instances": [
        {
          "schema_version": 0,
          "attributes": {
            "arn": "arn:aws:ec2:us-east-1:697675505426:internet-gateway/igw-0f7e0b72fe5e1ad55",
            "id": "igw-0f7e0b72fe5e1ad55",
            "owner_id": "697675505426",
            "region": "us-east-1",
            "tags": {
              "Name": "document-processing-lab-igw",
              "Project": "document-processing-lab"
            },
            "tags_all": {
              "Name": "document-processing-lab-igw",
              "Project": "document-processing-lab"
            },
            "timeouts": null,
            "vpc_id": "vpc-07b1aeb48357f3c8c"
          },
          "sensitive_attributes": [],
          "identity_schema_version": 0,
          "identity": {
            "account_id": "697675505426",
            "id": "igw-0f7e0b72fe5e1ad55",
            "region": "us-east-1"
          },
          "private": "eyJlMmJmYjczMC1lY2FhLTExZTYtOGY4OC0zNDM2M2JjN2M0YzAiOnsiY3JlYXRlIjoxMjAwMDAwMDAwMDAwLCJkZWxldGUiOjEyMDAwMDAwMDAwMDAsInVwZGF0ZSI6MTIwMDAwMDAwMDAwMH19",
          "dependencies": [
            "aws_vpc.main"
          ]
        }
      ]
    },
    {
      "mode": "managed",
      "type": "aws_nat_gateway",
      "name": "main",
      "provider": "provider[\"registry.terraform.io/hashicorp/aws\"]",
      "instances": [
        {
          "schema_version": 0,
          "attributes": {
            "allocation_id": "eipalloc-08d73211ac60af6e5",
            "association_id": "eipassoc-0ce04d2367a936d50",
            "auto_provision_zones": null,
            "auto_scaling_ips": null,
            "availability_mode": "zonal",
            "availability_zone_address": [],
            "connectivity_type": "public",
            "id": "nat-098af6fc7c89f78ec",
            "network_interface_id": "eni-088513d8f764cf049",
            "private_ip": "10.0.1.99",
            "public_ip": "35.172.51.108",
            "region": "us-east-1",
            "regional_nat_gateway_address": [],
            "regional_nat_gateway_auto_mode": null,
            "route_table_id": null,
            "secondary_allocation_ids": [],
            "secondary_private_ip_address_count": 0,
            "secondary_private_ip_addresses": [],
            "subnet_id": "subnet-04ace0c2d9ec62b2f",
            "tags": {
              "Name": "document-processing-lab-nat-gateway",
              "Project": "document-processing-lab"
            },
            "tags_all": {
              "Name": "document-processing-lab-nat-gateway",
              "Project": "document-processing-lab"
            },
            "timeouts": null,
            "vpc_id": "vpc-07b1aeb48357f3c8c"
          },
          "sensitive_attributes": [],
          "identity_schema_version": 0,
          "identity": {
            "account_id": "697675505426",
            "id": "nat-098af6fc7c89f78ec",
            "region": "us-east-1"
          },
          "private": "eyJlMmJmYjczMC1lY2FhLTExZTYtOGY4OC0zNDM2M2JjN2M0YzAiOnsiY3JlYXRlIjo2MDAwMDAwMDAwMDAsImRlbGV0ZSI6MTgwMDAwMDAwMDAwMCwidXBkYXRlIjo2MDAwMDAwMDAwMDB9fQ==",
          "dependencies": [
            "aws_eip.nat",
            "aws_internet_gateway.main",
            "aws_subnet.public",
            "aws_vpc.main"
          ]
        }
      ]
    },
    {
      "mode": "managed",
      "type": "aws_route_table",
      "name": "private_app",
      "provider": "provider[\"registry.terraform.io/hashicorp/aws\"]",
      "instances": [
        {
          "schema_version": 0,
          "attributes": {
            "arn": "arn:aws:ec2:us-east-1:697675505426:route-table/rtb-0ed6c6b78f35a5b49",
            "id": "rtb-0ed6c6b78f35a5b49",
            "owner_id": "697675505426",
            "propagating_vgws": [],
            "region": "us-east-1",
            "route": [
              {
                "carrier_gateway_id": "",
                "cidr_block": "0.0.0.0/0",
                "core_network_arn": "",
                "destination_prefix_list_id": "",
                "egress_only_gateway_id": "",
                "gateway_id": "",
                "ipv6_cidr_block": "",
                "local_gateway_id": "",
                "nat_gateway_id": "nat-098af6fc7c89f78ec",
                "network_interface_id": "",
                "transit_gateway_id": "",
                "vpc_endpoint_id": "",
                "vpc_peering_connection_id": ""
              }
            ],
            "tags": {
              "Name": "document-processing-lab-private-app-rt",
              "Project": "document-processing-lab"
            },
            "tags_all": {
              "Name": "document-processing-lab-private-app-rt",
              "Project": "document-processing-lab"
            },
            "timeouts": null,
            "vpc_id": "vpc-07b1aeb48357f3c8c"
          },
          "sensitive_attributes": [],
          "identity_schema_version": 0,
          "identity": {
            "account_id": "697675505426",
            "id": "rtb-0ed6c6b78f35a5b49",
            "region": "us-east-1"
          },
          "private": "eyJlMmJmYjczMC1lY2FhLTExZTYtOGY4OC0zNDM2M2JjN2M0YzAiOnsiY3JlYXRlIjozMDAwMDAwMDAwMDAsImRlbGV0ZSI6MzAwMDAwMDAwMDAwLCJ1cGRhdGUiOjEyMDAwMDAwMDAwMH19",
          "dependencies": [
            "aws_eip.nat",
            "aws_internet_gateway.main",
            "aws_nat_gateway.main",
            "aws_subnet.public",
            "aws_vpc.main"
          ]
        }
      ]
    },
    {
      "mode": "managed",
      "type": "aws_route_table",
      "name": "private_db",
      "provider": "provider[\"registry.terraform.io/hashicorp/aws\"]",
      "instances": [
        {
          "schema_version": 0,
          "attributes": {
            "arn": "arn:aws:ec2:us-east-1:697675505426:route-table/rtb-0da5e1d0b5b641616",
            "id": "rtb-0da5e1d0b5b641616",
            "owner_id": "697675505426",
            "propagating_vgws": [],
            "region": "us-east-1",
            "route": [],
            "tags": {
              "Name": "document-processing-lab-private-db-rt",
              "Project": "document-processing-lab"
            },
            "tags_all": {
              "Name": "document-processing-lab-private-db-rt",
              "Project": "document-processing-lab"
            },
            "timeouts": null,
            "vpc_id": "vpc-07b1aeb48357f3c8c"
          },
          "sensitive_attributes": [],
          "identity_schema_version": 0,
          "identity": {
            "account_id": "697675505426",
            "id": "rtb-0da5e1d0b5b641616",
            "region": "us-east-1"
          },
          "private": "eyJlMmJmYjczMC1lY2FhLTExZTYtOGY4OC0zNDM2M2JjN2M0YzAiOnsiY3JlYXRlIjozMDAwMDAwMDAwMDAsImRlbGV0ZSI6MzAwMDAwMDAwMDAwLCJ1cGRhdGUiOjEyMDAwMDAwMDAwMH19",
          "dependencies": [
            "aws_vpc.main"
          ]
        }
      ]
    },
    {
      "mode": "managed",
      "type": "aws_route_table",
      "name": "public",
      "provider": "provider[\"registry.terraform.io/hashicorp/aws\"]",
      "instances": [
        {
          "schema_version": 0,
          "attributes": {
            "arn": "arn:aws:ec2:us-east-1:697675505426:route-table/rtb-080aa60572a864ec8",
            "id": "rtb-080aa60572a864ec8",
            "owner_id": "697675505426",
            "propagating_vgws": [],
            "region": "us-east-1",
            "route": [
              {
                "carrier_gateway_id": "",
                "cidr_block": "0.0.0.0/0",
                "core_network_arn": "",
                "destination_prefix_list_id": "",
                "egress_only_gateway_id": "",
                "gateway_id": "igw-0f7e0b72fe5e1ad55",
                "ipv6_cidr_block": "",
                "local_gateway_id": "",
                "nat_gateway_id": "",
                "network_interface_id": "",
                "transit_gateway_id": "",
                "vpc_endpoint_id": "",
                "vpc_peering_connection_id": ""
              }
            ],
            "tags": {
              "Name": "document-processing-lab-public-rt",
              "Project": "document-processing-lab"
            },
            "tags_all": {
              "Name": "document-processing-lab-public-rt",
              "Project": "document-processing-lab"
            },
            "timeouts": null,
            "vpc_id": "vpc-07b1aeb48357f3c8c"
          },
          "sensitive_attributes": [],
          "identity_schema_version": 0,
          "identity": {
            "account_id": "697675505426",
            "id": "rtb-080aa60572a864ec8",
            "region": "us-east-1"
          },
          "private": "eyJlMmJmYjczMC1lY2FhLTExZTYtOGY4OC0zNDM2M2JjN2M0YzAiOnsiY3JlYXRlIjozMDAwMDAwMDAwMDAsImRlbGV0ZSI6MzAwMDAwMDAwMDAwLCJ1cGRhdGUiOjEyMDAwMDAwMDAwMH19",
          "dependencies": [
            "aws_internet_gateway.main",
            "aws_vpc.main"
          ]
        }
      ]
    },
    {
      "mode": "managed",
      "type": "aws_route_table_association",
      "name": "private_app",
      "provider": "provider[\"registry.terraform.io/hashicorp/aws\"]",
      "instances": [
        {
          "index_key": 0,
          "schema_version": 0,
          "attributes": {
            "gateway_id": "",
            "id": "rtbassoc-01eac63aa78a60a15",
            "region": "us-east-1",
            "route_table_id": "rtb-0ed6c6b78f35a5b49",
            "subnet_id": "subnet-0e40d2d2605f6edd5",
            "timeouts": null
          },
          "sensitive_attributes": [],
          "identity_schema_version": 0,
          "identity": {
            "account_id": "697675505426",
            "id": "rtbassoc-01eac63aa78a60a15",
            "region": "us-east-1"
          },
          "private": "eyJlMmJmYjczMC1lY2FhLTExZTYtOGY4OC0zNDM2M2JjN2M0YzAiOnsiY3JlYXRlIjozMDAwMDAwMDAwMDAsImRlbGV0ZSI6MzAwMDAwMDAwMDAwLCJ1cGRhdGUiOjEyMDAwMDAwMDAwMH19",
          "dependencies": [
            "aws_eip.nat",
            "aws_internet_gateway.main",
            "aws_nat_gateway.main",
            "aws_route_table.private_app",
            "aws_subnet.private_app",
            "aws_subnet.public",
            "aws_vpc.main"
          ]
        },
        {
          "index_key": 1,
          "schema_version": 0,
          "attributes": {
            "gateway_id": "",
            "id": "rtbassoc-032cccc2cd562b158",
            "region": "us-east-1",
            "route_table_id": "rtb-0ed6c6b78f35a5b49",
            "subnet_id": "subnet-0b490087d68cd1171",
            "timeouts": null
          },
          "sensitive_attributes": [],
          "identity_schema_version": 0,
          "identity": {
            "account_id": "697675505426",
            "id": "rtbassoc-032cccc2cd562b158",
            "region": "us-east-1"
          },
          "private": "eyJlMmJmYjczMC1lY2FhLTExZTYtOGY4OC0zNDM2M2JjN2M0YzAiOnsiY3JlYXRlIjozMDAwMDAwMDAwMDAsImRlbGV0ZSI6MzAwMDAwMDAwMDAwLCJ1cGRhdGUiOjEyMDAwMDAwMDAwMH19",
          "dependencies": [
            "aws_eip.nat",
            "aws_internet_gateway.main",
            "aws_nat_gateway.main",
            "aws_route_table.private_app",
            "aws_subnet.private_app",
            "aws_subnet.public",
            "aws_vpc.main"
          ]
        }
      ]
    },
    {
      "mode": "managed",
      "type": "aws_route_table_association",
      "name": "private_db",
      "provider": "provider[\"registry.terraform.io/hashicorp/aws\"]",
      "instances": [
        {
          "index_key": 0,
          "schema_version": 0,
          "attributes": {
            "gateway_id": "",
            "id": "rtbassoc-06f15bc0c49232c0d",
            "region": "us-east-1",
            "route_table_id": "rtb-0da5e1d0b5b641616",
            "subnet_id": "subnet-0f49ba7e3036669db",
            "timeouts": null
          },
          "sensitive_attributes": [],
          "identity_schema_version": 0,
          "identity": {
            "account_id": "697675505426",
            "id": "rtbassoc-06f15bc0c49232c0d",
            "region": "us-east-1"
          },
          "private": "eyJlMmJmYjczMC1lY2FhLTExZTYtOGY4OC0zNDM2M2JjN2M0YzAiOnsiY3JlYXRlIjozMDAwMDAwMDAwMDAsImRlbGV0ZSI6MzAwMDAwMDAwMDAwLCJ1cGRhdGUiOjEyMDAwMDAwMDAwMH19",
          "dependencies": [
            "aws_route_table.private_db",
            "aws_subnet.private_db",
            "aws_vpc.main"
          ]
        },
        {
          "index_key": 1,
          "schema_version": 0,
          "attributes": {
            "gateway_id": "",
            "id": "rtbassoc-01e3e78e3e90a3bbc",
            "region": "us-east-1",
            "route_table_id": "rtb-0da5e1d0b5b641616",
            "subnet_id": "subnet-06f041c841a9a7c66",
            "timeouts": null
          },
          "sensitive_attributes": [],
          "identity_schema_version": 0,
          "identity": {
            "account_id": "697675505426",
            "id": "rtbassoc-01e3e78e3e90a3bbc",
            "region": "us-east-1"
          },
          "private": "eyJlMmJmYjczMC1lY2FhLTExZTYtOGY4OC0zNDM2M2JjN2M0YzAiOnsiY3JlYXRlIjozMDAwMDAwMDAwMDAsImRlbGV0ZSI6MzAwMDAwMDAwMDAwLCJ1cGRhdGUiOjEyMDAwMDAwMDAwMH19",
          "dependencies": [
            "aws_route_table.private_db",
            "aws_subnet.private_db",
            "aws_vpc.main"
          ]
        }
      ]
    },
    {
      "mode": "managed",
      "type": "aws_route_table_association",
      "name": "public",
      "provider": "provider[\"registry.terraform.io/hashicorp/aws\"]",
      "instances": [
        {
          "index_key": 0,
          "schema_version": 0,
          "attributes": {
            "gateway_id": "",
            "id": "rtbassoc-06645dc644a60a96f",
            "region": "us-east-1",
            "route_table_id": "rtb-080aa60572a864ec8",
            "subnet_id": "subnet-04ace0c2d9ec62b2f",
            "timeouts": null
          },
          "sensitive_attributes": [],
          "identity_schema_version": 0,
          "identity": {
            "account_id": "697675505426",
            "id": "rtbassoc-06645dc644a60a96f",
            "region": "us-east-1"
          },
          "private": "eyJlMmJmYjczMC1lY2FhLTExZTYtOGY4OC0zNDM2M2JjN2M0YzAiOnsiY3JlYXRlIjozMDAwMDAwMDAwMDAsImRlbGV0ZSI6MzAwMDAwMDAwMDAwLCJ1cGRhdGUiOjEyMDAwMDAwMDAwMH19",
          "dependencies": [
            "aws_internet_gateway.main",
            "aws_route_table.public",
            "aws_subnet.public",
            "aws_vpc.main"
          ]
        },
        {
          "index_key": 1,
          "schema_version": 0,
          "attributes": {
            "gateway_id": "",
            "id": "rtbassoc-0dfe47502959227fa",
            "region": "us-east-1",
            "route_table_id": "rtb-080aa60572a864ec8",
            "subnet_id": "subnet-028d08dfa92cb9fc5",
            "timeouts": null
          },
          "sensitive_attributes": [],
          "identity_schema_version": 0,
          "identity": {
            "account_id": "697675505426",
            "id": "rtbassoc-0dfe47502959227fa",
            "region": "us-east-1"
          },
          "private": "eyJlMmJmYjczMC1lY2FhLTExZTYtOGY4OC0zNDM2M2JjN2M0YzAiOnsiY3JlYXRlIjozMDAwMDAwMDAwMDAsImRlbGV0ZSI6MzAwMDAwMDAwMDAwLCJ1cGRhdGUiOjEyMDAwMDAwMDAwMH19",
          "dependencies": [
            "aws_internet_gateway.main",
            "aws_route_table.public",
            "aws_subnet.public",
            "aws_vpc.main"
          ]
        }
      ]
    },
    {
      "mode": "managed",
      "type": "aws_s3_bucket",
      "name": "exports",
      "provider": "provider[\"registry.terraform.io/hashicorp/aws\"]",
      "instances": [
        {
          "schema_version": 0,
          "attributes": {
            "acceleration_status": "",
            "acl": null,
            "arn": "arn:aws:s3:::document-processing-lab-exports-poc-lipe-202605",
            "bucket": "document-processing-lab-exports-poc-lipe-202605",
            "bucket_domain_name": "document-processing-lab-exports-poc-lipe-202605.s3.amazonaws.com",
            "bucket_namespace": "global",
            "bucket_prefix": "",
            "bucket_region": "us-east-1",
            "bucket_regional_domain_name": "document-processing-lab-exports-poc-lipe-202605.s3.us-east-1.amazonaws.com",
            "cors_rule": [],
            "force_destroy": true,
            "grant": [
              {
                "id": "4fe0a3cccce7b4e8e73253b7fb842399ec7931952de7f8064a7235722ef4a9cd",
                "permissions": [
                  "FULL_CONTROL"
                ],
                "type": "CanonicalUser",
                "uri": ""
              }
            ],
            "hosted_zone_id": "Z3AQBSTGFYJSTF",
            "id": "document-processing-lab-exports-poc-lipe-202605",
            "lifecycle_rule": [],
            "logging": [],
            "object_lock_configuration": [],
            "object_lock_enabled": false,
            "policy": "",
            "region": "us-east-1",
            "replication_configuration": [],
            "request_payer": "BucketOwner",
            "server_side_encryption_configuration": [
              {
                "rule": [
                  {
                    "apply_server_side_encryption_by_default": [
                      {
                        "kms_master_key_id": "",
                        "sse_algorithm": "AES256"
                      }
                    ],
                    "bucket_key_enabled": false
                  }
                ]
              }
            ],
            "tags": {
              "Name": "document-processing-lab-exports-poc-lipe-202605",
              "Project": "document-processing-lab"
            },
            "tags_all": {
              "Name": "document-processing-lab-exports-poc-lipe-202605",
              "Project": "document-processing-lab"
            },
            "timeouts": null,
            "versioning": [
              {
                "enabled": false,
                "mfa_delete": false
              }
            ],
            "website": [],
            "website_domain": null,
            "website_endpoint": null
          },
          "sensitive_attributes": [],
          "identity_schema_version": 0,
          "identity": {
            "account_id": "697675505426",
            "bucket": "document-processing-lab-exports-poc-lipe-202605",
            "region": "us-east-1"
          },
          "private": "eyJlMmJmYjczMC1lY2FhLTExZTYtOGY4OC0zNDM2M2JjN2M0YzAiOnsiY3JlYXRlIjoxMjAwMDAwMDAwMDAwLCJkZWxldGUiOjM2MDAwMDAwMDAwMDAsInJlYWQiOjEyMDAwMDAwMDAwMDAsInVwZGF0ZSI6MTIwMDAwMDAwMDAwMH19"
        }
      ]
    },
    {
      "mode": "managed",
      "type": "aws_s3_bucket_public_access_block",
      "name": "exports",
      "provider": "provider[\"registry.terraform.io/hashicorp/aws\"]",
      "instances": [
        {
          "schema_version": 0,
          "attributes": {
            "block_public_acls": true,
            "block_public_policy": true,
            "bucket": "document-processing-lab-exports-poc-lipe-202605",
            "id": "document-processing-lab-exports-poc-lipe-202605",
            "ignore_public_acls": true,
            "region": "us-east-1",
            "restrict_public_buckets": true,
            "skip_destroy": null
          },
          "sensitive_attributes": [],
          "identity_schema_version": 0,
          "identity": {
            "account_id": "697675505426",
            "bucket": "document-processing-lab-exports-poc-lipe-202605",
            "region": "us-east-1"
          },
          "private": "bnVsbA==",
          "dependencies": [
            "aws_s3_bucket.exports"
          ]
        }
      ]
    },
    {
      "mode": "managed",
      "type": "aws_s3_bucket_server_side_encryption_configuration",
      "name": "exports",
      "provider": "provider[\"registry.terraform.io/hashicorp/aws\"]",
      "instances": [
        {
          "schema_version": 0,
          "attributes": {
            "bucket": "document-processing-lab-exports-poc-lipe-202605",
            "expected_bucket_owner": "",
            "id": "document-processing-lab-exports-poc-lipe-202605",
            "region": "us-east-1",
            "rule": [
              {
                "apply_server_side_encryption_by_default": [
                  {
                    "kms_master_key_id": "",
                    "sse_algorithm": "AES256"
                  }
                ],
                "blocked_encryption_types": [
                  "SSE-C"
                ],
                "bucket_key_enabled": false
              }
            ]
          },
          "sensitive_attributes": [],
          "identity_schema_version": 1,
          "identity": {
            "account_id": "697675505426",
            "bucket": "document-processing-lab-exports-poc-lipe-202605",
            "region": "us-east-1"
          },
          "private": "bnVsbA==",
          "dependencies": [
            "aws_s3_bucket.exports"
          ]
        }
      ]
    },
    {
      "mode": "managed",
      "type": "aws_s3_bucket_versioning",
      "name": "exports",
      "provider": "provider[\"registry.terraform.io/hashicorp/aws\"]",
      "instances": [
        {
          "schema_version": 0,
          "attributes": {
            "bucket": "document-processing-lab-exports-poc-lipe-202605",
            "expected_bucket_owner": "",
            "id": "document-processing-lab-exports-poc-lipe-202605",
            "mfa": null,
            "region": "us-east-1",
            "versioning_configuration": [
              {
                "mfa_delete": "",
                "status": "Enabled"
              }
            ]
          },
          "sensitive_attributes": [],
          "identity_schema_version": 1,
          "identity": {
            "account_id": "697675505426",
            "bucket": "document-processing-lab-exports-poc-lipe-202605",
            "region": "us-east-1"
          },
          "private": "bnVsbA==",
          "dependencies": [
            "aws_s3_bucket.exports"
          ]
        }
      ]
    },
    {
      "mode": "managed",
      "type": "aws_security_group",
      "name": "alb",
      "provider": "provider[\"registry.terraform.io/hashicorp/aws\"]",
      "instances": [
        {
          "schema_version": 1,
          "attributes": {
            "arn": "arn:aws:ec2:us-east-1:697675505426:security-group/sg-0c67c2a7481cb1cdd",
            "description": "Allow public HTTP traffic to the Application Load Balancer",
            "egress": [
              {
                "cidr_blocks": [],
                "description": "Allow ALB to reach document-service",
                "from_port": 8081,
                "ipv6_cidr_blocks": [],
                "prefix_list_ids": [],
                "protocol": "tcp",
                "security_groups": [
                  "sg-0303d7e8e0a0c472f"
                ],
                "self": false,
                "to_port": 8081
              },
              {
                "cidr_blocks": [],
                "description": "Allow ALB to reach export-job-service if needed",
                "from_port": 8083,
                "ipv6_cidr_blocks": [],
                "prefix_list_ids": [],
                "protocol": "tcp",
                "security_groups": [
                  "sg-0303d7e8e0a0c472f"
                ],
                "self": false,
                "to_port": 8083
              },
              {
                "cidr_blocks": [],
                "description": "Allow ALB to reach processing-service if needed",
                "from_port": 8082,
                "ipv6_cidr_blocks": [],
                "prefix_list_ids": [],
                "protocol": "tcp",
                "security_groups": [
                  "sg-0303d7e8e0a0c472f"
                ],
                "self": false,
                "to_port": 8082
              }
            ],
            "id": "sg-0c67c2a7481cb1cdd",
            "ingress": [
              {
                "cidr_blocks": [
                  "0.0.0.0/0"
                ],
                "description": "Allow HTTP from internet",
                "from_port": 80,
                "ipv6_cidr_blocks": [],
                "prefix_list_ids": [],
                "protocol": "tcp",
                "security_groups": [],
                "self": false,
                "to_port": 80
              }
            ],
            "name": "document-processing-lab-alb-sg",
            "name_prefix": "",
            "owner_id": "697675505426",
            "region": "us-east-1",
            "revoke_rules_on_delete": false,
            "tags": {
              "Name": "document-processing-lab-alb-sg",
              "Project": "document-processing-lab"
            },
            "tags_all": {
              "Name": "document-processing-lab-alb-sg",
              "Project": "document-processing-lab"
            },
            "timeouts": null,
            "vpc_id": "vpc-07b1aeb48357f3c8c"
          },
          "sensitive_attributes": [],
          "identity_schema_version": 0,
          "identity": {
            "account_id": "697675505426",
            "id": "sg-0c67c2a7481cb1cdd",
            "region": "us-east-1"
          },
          "private": "eyJlMmJmYjczMC1lY2FhLTExZTYtOGY4OC0zNDM2M2JjN2M0YzAiOnsiY3JlYXRlIjo2MDAwMDAwMDAwMDAsImRlbGV0ZSI6OTAwMDAwMDAwMDAwfSwic2NoZW1hX3ZlcnNpb24iOiIxIn0=",
          "dependencies": [
            "aws_vpc.main"
          ]
        }
      ]
    },
    {
      "mode": "managed",
      "type": "aws_security_group",
      "name": "app",
      "provider": "provider[\"registry.terraform.io/hashicorp/aws\"]",
      "instances": [
        {
          "schema_version": 1,
          "attributes": {
            "arn": "arn:aws:ec2:us-east-1:697675505426:security-group/sg-0303d7e8e0a0c472f",
            "description": "Security group for application EC2 instances",
            "egress": [
              {
                "cidr_blocks": [
                  "0.0.0.0/0"
                ],
                "description": "Allow outbound traffic from app instances",
                "from_port": 0,
                "ipv6_cidr_blocks": [],
                "prefix_list_ids": [],
                "protocol": "-1",
                "security_groups": [],
                "self": false,
                "to_port": 0
              }
            ],
            "id": "sg-0303d7e8e0a0c472f",
            "ingress": [
              {
                "cidr_blocks": [],
                "description": "Allow ALB to access document-service",
                "from_port": 8081,
                "ipv6_cidr_blocks": [],
                "prefix_list_ids": [],
                "protocol": "tcp",
                "security_groups": [
                  "sg-0c67c2a7481cb1cdd"
                ],
                "self": false,
                "to_port": 8081
              },
              {
                "cidr_blocks": [],
                "description": "Allow ALB to access export-job-service if needed",
                "from_port": 8083,
                "ipv6_cidr_blocks": [],
                "prefix_list_ids": [],
                "protocol": "tcp",
                "security_groups": [
                  "sg-0c67c2a7481cb1cdd"
                ],
                "self": false,
                "to_port": 8083
              },
              {
                "cidr_blocks": [],
                "description": "Allow ALB to access processing-service if needed",
                "from_port": 8082,
                "ipv6_cidr_blocks": [],
                "prefix_list_ids": [],
                "protocol": "tcp",
                "security_groups": [
                  "sg-0c67c2a7481cb1cdd"
                ],
                "self": false,
                "to_port": 8082
              },
              {
                "cidr_blocks": [],
                "description": "Allow internal app communication on port 8081",
                "from_port": 8081,
                "ipv6_cidr_blocks": [],
                "prefix_list_ids": [],
                "protocol": "tcp",
                "security_groups": [],
                "self": true,
                "to_port": 8081
              },
              {
                "cidr_blocks": [],
                "description": "Allow internal app communication on port 8082",
                "from_port": 8082,
                "ipv6_cidr_blocks": [],
                "prefix_list_ids": [],
                "protocol": "tcp",
                "security_groups": [],
                "self": true,
                "to_port": 8082
              },
              {
                "cidr_blocks": [],
                "description": "Allow internal app communication on port 8083",
                "from_port": 8083,
                "ipv6_cidr_blocks": [],
                "prefix_list_ids": [],
                "protocol": "tcp",
                "security_groups": [],
                "self": true,
                "to_port": 8083
              }
            ],
            "name": "document-processing-lab-app-sg",
            "name_prefix": "",
            "owner_id": "697675505426",
            "region": "us-east-1",
            "revoke_rules_on_delete": false,
            "tags": {
              "Name": "document-processing-lab-app-sg",
              "Project": "document-processing-lab"
            },
            "tags_all": {
              "Name": "document-processing-lab-app-sg",
              "Project": "document-processing-lab"
            },
            "timeouts": null,
            "vpc_id": "vpc-07b1aeb48357f3c8c"
          },
          "sensitive_attributes": [],
          "identity_schema_version": 0,
          "identity": {
            "account_id": "697675505426",
            "id": "sg-0303d7e8e0a0c472f",
            "region": "us-east-1"
          },
          "private": "eyJlMmJmYjczMC1lY2FhLTExZTYtOGY4OC0zNDM2M2JjN2M0YzAiOnsiY3JlYXRlIjo2MDAwMDAwMDAwMDAsImRlbGV0ZSI6OTAwMDAwMDAwMDAwfSwic2NoZW1hX3ZlcnNpb24iOiIxIn0=",
          "dependencies": [
            "aws_vpc.main"
          ]
        }
      ]
    },
    {
      "mode": "managed",
      "type": "aws_security_group",
      "name": "kafka",
      "provider": "provider[\"registry.terraform.io/hashicorp/aws\"]",
      "instances": [
        {
          "schema_version": 1,
          "attributes": {
            "arn": "arn:aws:ec2:us-east-1:697675505426:security-group/sg-05093800caea2b13b",
            "description": "Security group for Kafka EC2 instance",
            "egress": [
              {
                "cidr_blocks": [
                  "0.0.0.0/0"
                ],
                "description": "Allow outbound traffic from Kafka instance",
                "from_port": 0,
                "ipv6_cidr_blocks": [],
                "prefix_list_ids": [],
                "protocol": "-1",
                "security_groups": [],
                "self": false,
                "to_port": 0
              }
            ],
            "id": "sg-05093800caea2b13b",
            "ingress": [
              {
                "cidr_blocks": [],
                "description": "Allow application services to access Kafka broker",
                "from_port": 9092,
                "ipv6_cidr_blocks": [],
                "prefix_list_ids": [],
                "protocol": "tcp",
                "security_groups": [
                  "sg-0303d7e8e0a0c472f"
                ],
                "self": false,
                "to_port": 9092
              }
            ],
            "name": "document-processing-lab-kafka-sg",
            "name_prefix": "",
            "owner_id": "697675505426",
            "region": "us-east-1",
            "revoke_rules_on_delete": false,
            "tags": {
              "Name": "document-processing-lab-kafka-sg",
              "Project": "document-processing-lab"
            },
            "tags_all": {
              "Name": "document-processing-lab-kafka-sg",
              "Project": "document-processing-lab"
            },
            "timeouts": null,
            "vpc_id": "vpc-07b1aeb48357f3c8c"
          },
          "sensitive_attributes": [],
          "identity_schema_version": 0,
          "identity": {
            "account_id": "697675505426",
            "id": "sg-05093800caea2b13b",
            "region": "us-east-1"
          },
          "private": "eyJlMmJmYjczMC1lY2FhLTExZTYtOGY4OC0zNDM2M2JjN2M0YzAiOnsiY3JlYXRlIjo2MDAwMDAwMDAwMDAsImRlbGV0ZSI6OTAwMDAwMDAwMDAwfSwic2NoZW1hX3ZlcnNpb24iOiIxIn0=",
          "dependencies": [
            "aws_vpc.main"
          ]
        }
      ]
    },
    {
      "mode": "managed",
      "type": "aws_security_group",
      "name": "rds",
      "provider": "provider[\"registry.terraform.io/hashicorp/aws\"]",
      "instances": [
        {
          "schema_version": 1,
          "attributes": {
            "arn": "arn:aws:ec2:us-east-1:697675505426:security-group/sg-054c2e9f4f8f452fe",
            "description": "Security group for RDS PostgreSQL",
            "egress": [
              {
                "cidr_blocks": [
                  "0.0.0.0/0"
                ],
                "description": "Allow outbound traffic from RDS",
                "from_port": 0,
                "ipv6_cidr_blocks": [],
                "prefix_list_ids": [],
                "protocol": "-1",
                "security_groups": [],
                "self": false,
                "to_port": 0
              }
            ],
            "id": "sg-054c2e9f4f8f452fe",
            "ingress": [
              {
                "cidr_blocks": [],
                "description": "Allow application services to access PostgreSQL RDS",
                "from_port": 5432,
                "ipv6_cidr_blocks": [],
                "prefix_list_ids": [],
                "protocol": "tcp",
                "security_groups": [
                  "sg-0303d7e8e0a0c472f"
                ],
                "self": false,
                "to_port": 5432
              }
            ],
            "name": "document-processing-lab-rds-sg",
            "name_prefix": "",
            "owner_id": "697675505426",
            "region": "us-east-1",
            "revoke_rules_on_delete": false,
            "tags": {
              "Name": "document-processing-lab-rds-sg",
              "Project": "document-processing-lab"
            },
            "tags_all": {
              "Name": "document-processing-lab-rds-sg",
              "Project": "document-processing-lab"
            },
            "timeouts": null,
            "vpc_id": "vpc-07b1aeb48357f3c8c"
          },
          "sensitive_attributes": [],
          "identity_schema_version": 0,
          "identity": {
            "account_id": "697675505426",
            "id": "sg-054c2e9f4f8f452fe",
            "region": "us-east-1"
          },
          "private": "eyJlMmJmYjczMC1lY2FhLTExZTYtOGY4OC0zNDM2M2JjN2M0YzAiOnsiY3JlYXRlIjo2MDAwMDAwMDAwMDAsImRlbGV0ZSI6OTAwMDAwMDAwMDAwfSwic2NoZW1hX3ZlcnNpb24iOiIxIn0=",
          "dependencies": [
            "aws_vpc.main"
          ]
        }
      ]
    },
    {
      "mode": "managed",
      "type": "aws_security_group",
      "name": "ssh",
      "provider": "provider[\"registry.terraform.io/hashicorp/aws\"]",
      "instances": [
        {
          "schema_version": 1,
          "attributes": {
            "arn": "arn:aws:ec2:us-east-1:697675505426:security-group/sg-01f297abca306daa9",
            "description": "Temporary SSH access from my IP",
            "egress": [
              {
                "cidr_blocks": [
                  "0.0.0.0/0"
                ],
                "description": "Allow outbound traffic from SSH-managed instances",
                "from_port": 0,
                "ipv6_cidr_blocks": [],
                "prefix_list_ids": [],
                "protocol": "-1",
                "security_groups": [],
                "self": false,
                "to_port": 0
              }
            ],
            "id": "sg-01f297abca306daa9",
            "ingress": [
              {
                "cidr_blocks": [
                  "200.152.111.59/32"
                ],
                "description": "Allow SSH from my public IP",
                "from_port": 22,
                "ipv6_cidr_blocks": [],
                "prefix_list_ids": [],
                "protocol": "tcp",
                "security_groups": [],
                "self": false,
                "to_port": 22
              }
            ],
            "name": "document-processing-lab-ssh-sg",
            "name_prefix": "",
            "owner_id": "697675505426",
            "region": "us-east-1",
            "revoke_rules_on_delete": false,
            "tags": {
              "Name": "document-processing-lab-ssh-sg",
              "Project": "document-processing-lab"
            },
            "tags_all": {
              "Name": "document-processing-lab-ssh-sg",
              "Project": "document-processing-lab"
            },
            "timeouts": null,
            "vpc_id": "vpc-07b1aeb48357f3c8c"
          },
          "sensitive_attributes": [],
          "identity_schema_version": 0,
          "identity": {
            "account_id": "697675505426",
            "id": "sg-01f297abca306daa9",
            "region": "us-east-1"
          },
          "private": "eyJlMmJmYjczMC1lY2FhLTExZTYtOGY4OC0zNDM2M2JjN2M0YzAiOnsiY3JlYXRlIjo2MDAwMDAwMDAwMDAsImRlbGV0ZSI6OTAwMDAwMDAwMDAwfSwic2NoZW1hX3ZlcnNpb24iOiIxIn0=",
          "dependencies": [
            "aws_vpc.main"
          ]
        }
      ]
    },
    {
      "mode": "managed",
      "type": "aws_subnet",
      "name": "private_app",
      "provider": "provider[\"registry.terraform.io/hashicorp/aws\"]",
      "instances": [
        {
          "index_key": 0,
          "schema_version": 1,
          "attributes": {
            "arn": "arn:aws:ec2:us-east-1:697675505426:subnet/subnet-0e40d2d2605f6edd5",
            "assign_ipv6_address_on_creation": false,
            "availability_zone": "us-east-1a",
            "availability_zone_id": "use1-az1",
            "cidr_block": "10.0.11.0/24",
            "customer_owned_ipv4_pool": "",
            "enable_dns64": false,
            "enable_lni_at_device_index": 0,
            "enable_resource_name_dns_a_record_on_launch": false,
            "enable_resource_name_dns_aaaa_record_on_launch": false,
            "id": "subnet-0e40d2d2605f6edd5",
            "ipv4_ipam_pool_id": null,
            "ipv4_netmask_length": null,
            "ipv6_cidr_block": "",
            "ipv6_cidr_block_association_id": "",
            "ipv6_ipam_pool_id": null,
            "ipv6_native": false,
            "ipv6_netmask_length": null,
            "map_customer_owned_ip_on_launch": false,
            "map_public_ip_on_launch": false,
            "outpost_arn": "",
            "owner_id": "697675505426",
            "private_dns_hostname_type_on_launch": "ip-name",
            "region": "us-east-1",
            "tags": {
              "Name": "document-processing-lab-private-app-1",
              "Project": "document-processing-lab",
              "Tier": "private-app"
            },
            "tags_all": {
              "Name": "document-processing-lab-private-app-1",
              "Project": "document-processing-lab",
              "Tier": "private-app"
            },
            "timeouts": null,
            "vpc_id": "vpc-07b1aeb48357f3c8c"
          },
          "sensitive_attributes": [],
          "identity_schema_version": 0,
          "identity": {
            "account_id": "697675505426",
            "id": "subnet-0e40d2d2605f6edd5",
            "region": "us-east-1"
          },
          "private": "eyJlMmJmYjczMC1lY2FhLTExZTYtOGY4OC0zNDM2M2JjN2M0YzAiOnsiY3JlYXRlIjo2MDAwMDAwMDAwMDAsImRlbGV0ZSI6MTIwMDAwMDAwMDAwMH0sInNjaGVtYV92ZXJzaW9uIjoiMSJ9",
          "dependencies": [
            "aws_vpc.main"
          ]
        },
        {
          "index_key": 1,
          "schema_version": 1,
          "attributes": {
            "arn": "arn:aws:ec2:us-east-1:697675505426:subnet/subnet-0b490087d68cd1171",
            "assign_ipv6_address_on_creation": false,
            "availability_zone": "us-east-1b",
            "availability_zone_id": "use1-az2",
            "cidr_block": "10.0.12.0/24",
            "customer_owned_ipv4_pool": "",
            "enable_dns64": false,
            "enable_lni_at_device_index": 0,
            "enable_resource_name_dns_a_record_on_launch": false,
            "enable_resource_name_dns_aaaa_record_on_launch": false,
            "id": "subnet-0b490087d68cd1171",
            "ipv4_ipam_pool_id": null,
            "ipv4_netmask_length": null,
            "ipv6_cidr_block": "",
            "ipv6_cidr_block_association_id": "",
            "ipv6_ipam_pool_id": null,
            "ipv6_native": false,
            "ipv6_netmask_length": null,
            "map_customer_owned_ip_on_launch": false,
            "map_public_ip_on_launch": false,
            "outpost_arn": "",
            "owner_id": "697675505426",
            "private_dns_hostname_type_on_launch": "ip-name",
            "region": "us-east-1",
            "tags": {
              "Name": "document-processing-lab-private-app-2",
              "Project": "document-processing-lab",
              "Tier": "private-app"
            },
            "tags_all": {
              "Name": "document-processing-lab-private-app-2",
              "Project": "document-processing-lab",
              "Tier": "private-app"
            },
            "timeouts": null,
            "vpc_id": "vpc-07b1aeb48357f3c8c"
          },
          "sensitive_attributes": [],
          "identity_schema_version": 0,
          "identity": {
            "account_id": "697675505426",
            "id": "subnet-0b490087d68cd1171",
            "region": "us-east-1"
          },
          "private": "eyJlMmJmYjczMC1lY2FhLTExZTYtOGY4OC0zNDM2M2JjN2M0YzAiOnsiY3JlYXRlIjo2MDAwMDAwMDAwMDAsImRlbGV0ZSI6MTIwMDAwMDAwMDAwMH0sInNjaGVtYV92ZXJzaW9uIjoiMSJ9",
          "dependencies": [
            "aws_vpc.main"
          ]
        }
      ]
    },
    {
      "mode": "managed",
      "type": "aws_subnet",
      "name": "private_db",
      "provider": "provider[\"registry.terraform.io/hashicorp/aws\"]",
      "instances": [
        {
          "index_key": 0,
          "schema_version": 1,
          "attributes": {
            "arn": "arn:aws:ec2:us-east-1:697675505426:subnet/subnet-0f49ba7e3036669db",
            "assign_ipv6_address_on_creation": false,
            "availability_zone": "us-east-1a",
            "availability_zone_id": "use1-az1",
            "cidr_block": "10.0.21.0/24",
            "customer_owned_ipv4_pool": "",
            "enable_dns64": false,
            "enable_lni_at_device_index": 0,
            "enable_resource_name_dns_a_record_on_launch": false,
            "enable_resource_name_dns_aaaa_record_on_launch": false,
            "id": "subnet-0f49ba7e3036669db",
            "ipv4_ipam_pool_id": null,
            "ipv4_netmask_length": null,
            "ipv6_cidr_block": "",
            "ipv6_cidr_block_association_id": "",
            "ipv6_ipam_pool_id": null,
            "ipv6_native": false,
            "ipv6_netmask_length": null,
            "map_customer_owned_ip_on_launch": false,
            "map_public_ip_on_launch": false,
            "outpost_arn": "",
            "owner_id": "697675505426",
            "private_dns_hostname_type_on_launch": "ip-name",
            "region": "us-east-1",
            "tags": {
              "Name": "document-processing-lab-private-db-1",
              "Project": "document-processing-lab",
              "Tier": "private-db"
            },
            "tags_all": {
              "Name": "document-processing-lab-private-db-1",
              "Project": "document-processing-lab",
              "Tier": "private-db"
            },
            "timeouts": null,
            "vpc_id": "vpc-07b1aeb48357f3c8c"
          },
          "sensitive_attributes": [],
          "identity_schema_version": 0,
          "identity": {
            "account_id": "697675505426",
            "id": "subnet-0f49ba7e3036669db",
            "region": "us-east-1"
          },
          "private": "eyJlMmJmYjczMC1lY2FhLTExZTYtOGY4OC0zNDM2M2JjN2M0YzAiOnsiY3JlYXRlIjo2MDAwMDAwMDAwMDAsImRlbGV0ZSI6MTIwMDAwMDAwMDAwMH0sInNjaGVtYV92ZXJzaW9uIjoiMSJ9",
          "dependencies": [
            "aws_vpc.main"
          ]
        },
        {
          "index_key": 1,
          "schema_version": 1,
          "attributes": {
            "arn": "arn:aws:ec2:us-east-1:697675505426:subnet/subnet-06f041c841a9a7c66",
            "assign_ipv6_address_on_creation": false,
            "availability_zone": "us-east-1b",
            "availability_zone_id": "use1-az2",
            "cidr_block": "10.0.22.0/24",
            "customer_owned_ipv4_pool": "",
            "enable_dns64": false,
            "enable_lni_at_device_index": 0,
            "enable_resource_name_dns_a_record_on_launch": false,
            "enable_resource_name_dns_aaaa_record_on_launch": false,
            "id": "subnet-06f041c841a9a7c66",
            "ipv4_ipam_pool_id": null,
            "ipv4_netmask_length": null,
            "ipv6_cidr_block": "",
            "ipv6_cidr_block_association_id": "",
            "ipv6_ipam_pool_id": null,
            "ipv6_native": false,
            "ipv6_netmask_length": null,
            "map_customer_owned_ip_on_launch": false,
            "map_public_ip_on_launch": false,
            "outpost_arn": "",
            "owner_id": "697675505426",
            "private_dns_hostname_type_on_launch": "ip-name",
            "region": "us-east-1",
            "tags": {
              "Name": "document-processing-lab-private-db-2",
              "Project": "document-processing-lab",
              "Tier": "private-db"
            },
            "tags_all": {
              "Name": "document-processing-lab-private-db-2",
              "Project": "document-processing-lab",
              "Tier": "private-db"
            },
            "timeouts": null,
            "vpc_id": "vpc-07b1aeb48357f3c8c"
          },
          "sensitive_attributes": [],
          "identity_schema_version": 0,
          "identity": {
            "account_id": "697675505426",
            "id": "subnet-06f041c841a9a7c66",
            "region": "us-east-1"
          },
          "private": "eyJlMmJmYjczMC1lY2FhLTExZTYtOGY4OC0zNDM2M2JjN2M0YzAiOnsiY3JlYXRlIjo2MDAwMDAwMDAwMDAsImRlbGV0ZSI6MTIwMDAwMDAwMDAwMH0sInNjaGVtYV92ZXJzaW9uIjoiMSJ9",
          "dependencies": [
            "aws_vpc.main"
          ]
        }
      ]
    },
    {
      "mode": "managed",
      "type": "aws_subnet",
      "name": "public",
      "provider": "provider[\"registry.terraform.io/hashicorp/aws\"]",
      "instances": [
        {
          "index_key": 0,
          "schema_version": 1,
          "attributes": {
            "arn": "arn:aws:ec2:us-east-1:697675505426:subnet/subnet-04ace0c2d9ec62b2f",
            "assign_ipv6_address_on_creation": false,
            "availability_zone": "us-east-1a",
            "availability_zone_id": "use1-az1",
            "cidr_block": "10.0.1.0/24",
            "customer_owned_ipv4_pool": "",
            "enable_dns64": false,
            "enable_lni_at_device_index": 0,
            "enable_resource_name_dns_a_record_on_launch": false,
            "enable_resource_name_dns_aaaa_record_on_launch": false,
            "id": "subnet-04ace0c2d9ec62b2f",
            "ipv4_ipam_pool_id": null,
            "ipv4_netmask_length": null,
            "ipv6_cidr_block": "",
            "ipv6_cidr_block_association_id": "",
            "ipv6_ipam_pool_id": null,
            "ipv6_native": false,
            "ipv6_netmask_length": null,
            "map_customer_owned_ip_on_launch": false,
            "map_public_ip_on_launch": true,
            "outpost_arn": "",
            "owner_id": "697675505426",
            "private_dns_hostname_type_on_launch": "ip-name",
            "region": "us-east-1",
            "tags": {
              "Name": "document-processing-lab-public-1",
              "Project": "document-processing-lab",
              "Tier": "public"
            },
            "tags_all": {
              "Name": "document-processing-lab-public-1",
              "Project": "document-processing-lab",
              "Tier": "public"
            },
            "timeouts": null,
            "vpc_id": "vpc-07b1aeb48357f3c8c"
          },
          "sensitive_attributes": [],
          "identity_schema_version": 0,
          "identity": {
            "account_id": "697675505426",
            "id": "subnet-04ace0c2d9ec62b2f",
            "region": "us-east-1"
          },
          "private": "eyJlMmJmYjczMC1lY2FhLTExZTYtOGY4OC0zNDM2M2JjN2M0YzAiOnsiY3JlYXRlIjo2MDAwMDAwMDAwMDAsImRlbGV0ZSI6MTIwMDAwMDAwMDAwMH0sInNjaGVtYV92ZXJzaW9uIjoiMSJ9",
          "dependencies": [
            "aws_vpc.main"
          ]
        },
        {
          "index_key": 1,
          "schema_version": 1,
          "attributes": {
            "arn": "arn:aws:ec2:us-east-1:697675505426:subnet/subnet-028d08dfa92cb9fc5",
            "assign_ipv6_address_on_creation": false,
            "availability_zone": "us-east-1b",
            "availability_zone_id": "use1-az2",
            "cidr_block": "10.0.2.0/24",
            "customer_owned_ipv4_pool": "",
            "enable_dns64": false,
            "enable_lni_at_device_index": 0,
            "enable_resource_name_dns_a_record_on_launch": false,
            "enable_resource_name_dns_aaaa_record_on_launch": false,
            "id": "subnet-028d08dfa92cb9fc5",
            "ipv4_ipam_pool_id": null,
            "ipv4_netmask_length": null,
            "ipv6_cidr_block": "",
            "ipv6_cidr_block_association_id": "",
            "ipv6_ipam_pool_id": null,
            "ipv6_native": false,
            "ipv6_netmask_length": null,
            "map_customer_owned_ip_on_launch": false,
            "map_public_ip_on_launch": true,
            "outpost_arn": "",
            "owner_id": "697675505426",
            "private_dns_hostname_type_on_launch": "ip-name",
            "region": "us-east-1",
            "tags": {
              "Name": "document-processing-lab-public-2",
              "Project": "document-processing-lab",
              "Tier": "public"
            },
            "tags_all": {
              "Name": "document-processing-lab-public-2",
              "Project": "document-processing-lab",
              "Tier": "public"
            },
            "timeouts": null,
            "vpc_id": "vpc-07b1aeb48357f3c8c"
          },
          "sensitive_attributes": [],
          "identity_schema_version": 0,
          "identity": {
            "account_id": "697675505426",
            "id": "subnet-028d08dfa92cb9fc5",
            "region": "us-east-1"
          },
          "private": "eyJlMmJmYjczMC1lY2FhLTExZTYtOGY4OC0zNDM2M2JjN2M0YzAiOnsiY3JlYXRlIjo2MDAwMDAwMDAwMDAsImRlbGV0ZSI6MTIwMDAwMDAwMDAwMH0sInNjaGVtYV92ZXJzaW9uIjoiMSJ9",
          "dependencies": [
            "aws_vpc.main"
          ]
        }
      ]
    },
    {
      "mode": "managed",
      "type": "aws_vpc",
      "name": "main",
      "provider": "provider[\"registry.terraform.io/hashicorp/aws\"]",
      "instances": [
        {
          "schema_version": 1,
          "attributes": {
            "arn": "arn:aws:ec2:us-east-1:697675505426:vpc/vpc-07b1aeb48357f3c8c",
            "assign_generated_ipv6_cidr_block": false,
            "cidr_block": "10.0.0.0/16",
            "default_network_acl_id": "acl-0c24a7da77360a503",
            "default_route_table_id": "rtb-06afdc6e08c214938",
            "default_security_group_id": "sg-0c0dbc3c25677bf0e",
            "dhcp_options_id": "dopt-063158a230fd7cdeb",
            "enable_dns_hostnames": true,
            "enable_dns_support": true,
            "enable_network_address_usage_metrics": false,
            "id": "vpc-07b1aeb48357f3c8c",
            "instance_tenancy": "default",
            "ipv4_ipam_pool_id": null,
            "ipv4_netmask_length": null,
            "ipv6_association_id": "",
            "ipv6_cidr_block": "",
            "ipv6_cidr_block_network_border_group": "",
            "ipv6_ipam_pool_id": "",
            "ipv6_netmask_length": 0,
            "main_route_table_id": "rtb-06afdc6e08c214938",
            "owner_id": "697675505426",
            "region": "us-east-1",
            "tags": {
              "Name": "document-processing-lab-vpc",
              "Project": "document-processing-lab"
            },
            "tags_all": {
              "Name": "document-processing-lab-vpc",
              "Project": "document-processing-lab"
            }
          },
          "sensitive_attributes": [],
          "identity_schema_version": 0,
          "identity": {
            "account_id": "697675505426",
            "id": "vpc-07b1aeb48357f3c8c",
            "region": "us-east-1"
          },
          "private": "eyJzY2hlbWFfdmVyc2lvbiI6IjEifQ=="
        }
      ]
    },
    {
      "mode": "managed",
      "type": "aws_vpc_security_group_egress_rule",
      "name": "alb_to_app_document_service",
      "provider": "provider[\"registry.terraform.io/hashicorp/aws\"]",
      "instances": [
        {
          "schema_version": 0,
          "attributes": {
            "arn": "arn:aws:ec2:us-east-1:697675505426:security-group-rule/sgr-00b381af866d50717",
            "cidr_ipv4": null,
            "cidr_ipv6": null,
            "description": "Allow ALB to reach document-service",
            "from_port": 8081,
            "id": "sgr-00b381af866d50717",
            "ip_protocol": "tcp",
            "prefix_list_id": null,
            "referenced_security_group_id": "sg-0303d7e8e0a0c472f",
            "region": "us-east-1",
            "security_group_id": "sg-0c67c2a7481cb1cdd",
            "security_group_rule_id": "sgr-00b381af866d50717",
            "tags": null,
            "tags_all": {},
            "to_port": 8081
          },
          "sensitive_attributes": [],
          "identity_schema_version": 0,
          "identity": {
            "account_id": "697675505426",
            "id": "sgr-00b381af866d50717",
            "region": "us-east-1"
          },
          "dependencies": [
            "aws_security_group.alb",
            "aws_security_group.app",
            "aws_vpc.main"
          ]
        }
      ]
    },
    {
      "mode": "managed",
      "type": "aws_vpc_security_group_egress_rule",
      "name": "alb_to_app_export_job_service",
      "provider": "provider[\"registry.terraform.io/hashicorp/aws\"]",
      "instances": [
        {
          "schema_version": 0,
          "attributes": {
            "arn": "arn:aws:ec2:us-east-1:697675505426:security-group-rule/sgr-04cebff66867093f1",
            "cidr_ipv4": null,
            "cidr_ipv6": null,
            "description": "Allow ALB to reach export-job-service if needed",
            "from_port": 8083,
            "id": "sgr-04cebff66867093f1",
            "ip_protocol": "tcp",
            "prefix_list_id": null,
            "referenced_security_group_id": "sg-0303d7e8e0a0c472f",
            "region": "us-east-1",
            "security_group_id": "sg-0c67c2a7481cb1cdd",
            "security_group_rule_id": "sgr-04cebff66867093f1",
            "tags": null,
            "tags_all": {},
            "to_port": 8083
          },
          "sensitive_attributes": [],
          "identity_schema_version": 0,
          "identity": {
            "account_id": "697675505426",
            "id": "sgr-04cebff66867093f1",
            "region": "us-east-1"
          },
          "dependencies": [
            "aws_security_group.alb",
            "aws_security_group.app",
            "aws_vpc.main"
          ]
        }
      ]
    },
    {
      "mode": "managed",
      "type": "aws_vpc_security_group_egress_rule",
      "name": "alb_to_app_processing_service",
      "provider": "provider[\"registry.terraform.io/hashicorp/aws\"]",
      "instances": [
        {
          "schema_version": 0,
          "attributes": {
            "arn": "arn:aws:ec2:us-east-1:697675505426:security-group-rule/sgr-03c5c667e594d6f85",
            "cidr_ipv4": null,
            "cidr_ipv6": null,
            "description": "Allow ALB to reach processing-service if needed",
            "from_port": 8082,
            "id": "sgr-03c5c667e594d6f85",
            "ip_protocol": "tcp",
            "prefix_list_id": null,
            "referenced_security_group_id": "sg-0303d7e8e0a0c472f",
            "region": "us-east-1",
            "security_group_id": "sg-0c67c2a7481cb1cdd",
            "security_group_rule_id": "sgr-03c5c667e594d6f85",
            "tags": null,
            "tags_all": {},
            "to_port": 8082
          },
          "sensitive_attributes": [],
          "identity_schema_version": 0,
          "identity": {
            "account_id": "697675505426",
            "id": "sgr-03c5c667e594d6f85",
            "region": "us-east-1"
          },
          "dependencies": [
            "aws_security_group.alb",
            "aws_security_group.app",
            "aws_vpc.main"
          ]
        }
      ]
    },
    {
      "mode": "managed",
      "type": "aws_vpc_security_group_egress_rule",
      "name": "app_all_egress",
      "provider": "provider[\"registry.terraform.io/hashicorp/aws\"]",
      "instances": [
        {
          "schema_version": 0,
          "attributes": {
            "arn": "arn:aws:ec2:us-east-1:697675505426:security-group-rule/sgr-0360016b5eaaa2ee6",
            "cidr_ipv4": "0.0.0.0/0",
            "cidr_ipv6": null,
            "description": "Allow outbound traffic from app instances",
            "from_port": null,
            "id": "sgr-0360016b5eaaa2ee6",
            "ip_protocol": "-1",
            "prefix_list_id": null,
            "referenced_security_group_id": null,
            "region": "us-east-1",
            "security_group_id": "sg-0303d7e8e0a0c472f",
            "security_group_rule_id": "sgr-0360016b5eaaa2ee6",
            "tags": null,
            "tags_all": {},
            "to_port": null
          },
          "sensitive_attributes": [],
          "identity_schema_version": 0,
          "identity": {
            "account_id": "697675505426",
            "id": "sgr-0360016b5eaaa2ee6",
            "region": "us-east-1"
          },
          "dependencies": [
            "aws_security_group.app",
            "aws_vpc.main"
          ]
        }
      ]
    },
    {
      "mode": "managed",
      "type": "aws_vpc_security_group_egress_rule",
      "name": "kafka_all_egress",
      "provider": "provider[\"registry.terraform.io/hashicorp/aws\"]",
      "instances": [
        {
          "schema_version": 0,
          "attributes": {
            "arn": "arn:aws:ec2:us-east-1:697675505426:security-group-rule/sgr-0a67831c0afb8f0d2",
            "cidr_ipv4": "0.0.0.0/0",
            "cidr_ipv6": null,
            "description": "Allow outbound traffic from Kafka instance",
            "from_port": null,
            "id": "sgr-0a67831c0afb8f0d2",
            "ip_protocol": "-1",
            "prefix_list_id": null,
            "referenced_security_group_id": null,
            "region": "us-east-1",
            "security_group_id": "sg-05093800caea2b13b",
            "security_group_rule_id": "sgr-0a67831c0afb8f0d2",
            "tags": null,
            "tags_all": {},
            "to_port": null
          },
          "sensitive_attributes": [],
          "identity_schema_version": 0,
          "identity": {
            "account_id": "697675505426",
            "id": "sgr-0a67831c0afb8f0d2",
            "region": "us-east-1"
          },
          "dependencies": [
            "aws_security_group.kafka",
            "aws_vpc.main"
          ]
        }
      ]
    },
    {
      "mode": "managed",
      "type": "aws_vpc_security_group_egress_rule",
      "name": "rds_all_egress",
      "provider": "provider[\"registry.terraform.io/hashicorp/aws\"]",
      "instances": [
        {
          "schema_version": 0,
          "attributes": {
            "arn": "arn:aws:ec2:us-east-1:697675505426:security-group-rule/sgr-0e4db08878319baf3",
            "cidr_ipv4": "0.0.0.0/0",
            "cidr_ipv6": null,
            "description": "Allow outbound traffic from RDS",
            "from_port": null,
            "id": "sgr-0e4db08878319baf3",
            "ip_protocol": "-1",
            "prefix_list_id": null,
            "referenced_security_group_id": null,
            "region": "us-east-1",
            "security_group_id": "sg-054c2e9f4f8f452fe",
            "security_group_rule_id": "sgr-0e4db08878319baf3",
            "tags": null,
            "tags_all": {},
            "to_port": null
          },
          "sensitive_attributes": [],
          "identity_schema_version": 0,
          "identity": {
            "account_id": "697675505426",
            "id": "sgr-0e4db08878319baf3",
            "region": "us-east-1"
          },
          "dependencies": [
            "aws_security_group.rds",
            "aws_vpc.main"
          ]
        }
      ]
    },
    {
      "mode": "managed",
      "type": "aws_vpc_security_group_egress_rule",
      "name": "ssh_all_egress",
      "provider": "provider[\"registry.terraform.io/hashicorp/aws\"]",
      "instances": [
        {
          "schema_version": 0,
          "attributes": {
            "arn": "arn:aws:ec2:us-east-1:697675505426:security-group-rule/sgr-05f255cc4d6a03bd3",
            "cidr_ipv4": "0.0.0.0/0",
            "cidr_ipv6": null,
            "description": "Allow outbound traffic from SSH-managed instances",
            "from_port": null,
            "id": "sgr-05f255cc4d6a03bd3",
            "ip_protocol": "-1",
            "prefix_list_id": null,
            "referenced_security_group_id": null,
            "region": "us-east-1",
            "security_group_id": "sg-01f297abca306daa9",
            "security_group_rule_id": "sgr-05f255cc4d6a03bd3",
            "tags": null,
            "tags_all": {},
            "to_port": null
          },
          "sensitive_attributes": [],
          "identity_schema_version": 0,
          "identity": {
            "account_id": "697675505426",
            "id": "sgr-05f255cc4d6a03bd3",
            "region": "us-east-1"
          },
          "dependencies": [
            "aws_security_group.ssh",
            "aws_vpc.main"
          ]
        }
      ]
    },
    {
      "mode": "managed",
      "type": "aws_vpc_security_group_ingress_rule",
      "name": "alb_http_from_internet",
      "provider": "provider[\"registry.terraform.io/hashicorp/aws\"]",
      "instances": [
        {
          "schema_version": 0,
          "attributes": {
            "arn": "arn:aws:ec2:us-east-1:697675505426:security-group-rule/sgr-087de2a582b7af8bb",
            "cidr_ipv4": "0.0.0.0/0",
            "cidr_ipv6": null,
            "description": "Allow HTTP from internet",
            "from_port": 80,
            "id": "sgr-087de2a582b7af8bb",
            "ip_protocol": "tcp",
            "prefix_list_id": null,
            "referenced_security_group_id": null,
            "region": "us-east-1",
            "security_group_id": "sg-0c67c2a7481cb1cdd",
            "security_group_rule_id": "sgr-087de2a582b7af8bb",
            "tags": null,
            "tags_all": {},
            "to_port": 80
          },
          "sensitive_attributes": [],
          "identity_schema_version": 0,
          "identity": {
            "account_id": "697675505426",
            "id": "sgr-087de2a582b7af8bb",
            "region": "us-east-1"
          },
          "dependencies": [
            "aws_security_group.alb",
            "aws_vpc.main"
          ]
        }
      ]
    },
    {
      "mode": "managed",
      "type": "aws_vpc_security_group_ingress_rule",
      "name": "app_document_service_from_alb",
      "provider": "provider[\"registry.terraform.io/hashicorp/aws\"]",
      "instances": [
        {
          "schema_version": 0,
          "attributes": {
            "arn": "arn:aws:ec2:us-east-1:697675505426:security-group-rule/sgr-045ab97a932035627",
            "cidr_ipv4": null,
            "cidr_ipv6": null,
            "description": "Allow ALB to access document-service",
            "from_port": 8081,
            "id": "sgr-045ab97a932035627",
            "ip_protocol": "tcp",
            "prefix_list_id": null,
            "referenced_security_group_id": "sg-0c67c2a7481cb1cdd",
            "region": "us-east-1",
            "security_group_id": "sg-0303d7e8e0a0c472f",
            "security_group_rule_id": "sgr-045ab97a932035627",
            "tags": null,
            "tags_all": {},
            "to_port": 8081
          },
          "sensitive_attributes": [],
          "identity_schema_version": 0,
          "identity": {
            "account_id": "697675505426",
            "id": "sgr-045ab97a932035627",
            "region": "us-east-1"
          },
          "dependencies": [
            "aws_security_group.alb",
            "aws_security_group.app",
            "aws_vpc.main"
          ]
        }
      ]
    },
    {
      "mode": "managed",
      "type": "aws_vpc_security_group_ingress_rule",
      "name": "app_export_job_service_from_alb",
      "provider": "provider[\"registry.terraform.io/hashicorp/aws\"]",
      "instances": [
        {
          "schema_version": 0,
          "attributes": {
            "arn": "arn:aws:ec2:us-east-1:697675505426:security-group-rule/sgr-05dd5d8f9142bad86",
            "cidr_ipv4": null,
            "cidr_ipv6": null,
            "description": "Allow ALB to access export-job-service if needed",
            "from_port": 8083,
            "id": "sgr-05dd5d8f9142bad86",
            "ip_protocol": "tcp",
            "prefix_list_id": null,
            "referenced_security_group_id": "sg-0c67c2a7481cb1cdd",
            "region": "us-east-1",
            "security_group_id": "sg-0303d7e8e0a0c472f",
            "security_group_rule_id": "sgr-05dd5d8f9142bad86",
            "tags": null,
            "tags_all": {},
            "to_port": 8083
          },
          "sensitive_attributes": [],
          "identity_schema_version": 0,
          "identity": {
            "account_id": "697675505426",
            "id": "sgr-05dd5d8f9142bad86",
            "region": "us-east-1"
          },
          "dependencies": [
            "aws_security_group.alb",
            "aws_security_group.app",
            "aws_vpc.main"
          ]
        }
      ]
    },
    {
      "mode": "managed",
      "type": "aws_vpc_security_group_ingress_rule",
      "name": "app_internal_http_8081",
      "provider": "provider[\"registry.terraform.io/hashicorp/aws\"]",
      "instances": [
        {
          "schema_version": 0,
          "attributes": {
            "arn": "arn:aws:ec2:us-east-1:697675505426:security-group-rule/sgr-009d867713a6d125e",
            "cidr_ipv4": null,
            "cidr_ipv6": null,
            "description": "Allow internal app communication on port 8081",
            "from_port": 8081,
            "id": "sgr-009d867713a6d125e",
            "ip_protocol": "tcp",
            "prefix_list_id": null,
            "referenced_security_group_id": "sg-0303d7e8e0a0c472f",
            "region": "us-east-1",
            "security_group_id": "sg-0303d7e8e0a0c472f",
            "security_group_rule_id": "sgr-009d867713a6d125e",
            "tags": null,
            "tags_all": {},
            "to_port": 8081
          },
          "sensitive_attributes": [],
          "identity_schema_version": 0,
          "identity": {
            "account_id": "697675505426",
            "id": "sgr-009d867713a6d125e",
            "region": "us-east-1"
          },
          "dependencies": [
            "aws_security_group.app",
            "aws_vpc.main"
          ]
        }
      ]
    },
    {
      "mode": "managed",
      "type": "aws_vpc_security_group_ingress_rule",
      "name": "app_internal_http_8082",
      "provider": "provider[\"registry.terraform.io/hashicorp/aws\"]",
      "instances": [
        {
          "schema_version": 0,
          "attributes": {
            "arn": "arn:aws:ec2:us-east-1:697675505426:security-group-rule/sgr-0063758d71cf49614",
            "cidr_ipv4": null,
            "cidr_ipv6": null,
            "description": "Allow internal app communication on port 8082",
            "from_port": 8082,
            "id": "sgr-0063758d71cf49614",
            "ip_protocol": "tcp",
            "prefix_list_id": null,
            "referenced_security_group_id": "sg-0303d7e8e0a0c472f",
            "region": "us-east-1",
            "security_group_id": "sg-0303d7e8e0a0c472f",
            "security_group_rule_id": "sgr-0063758d71cf49614",
            "tags": null,
            "tags_all": {},
            "to_port": 8082
          },
          "sensitive_attributes": [],
          "identity_schema_version": 0,
          "identity": {
            "account_id": "697675505426",
            "id": "sgr-0063758d71cf49614",
            "region": "us-east-1"
          },
          "dependencies": [
            "aws_security_group.app",
            "aws_vpc.main"
          ]
        }
      ]
    },
    {
      "mode": "managed",
      "type": "aws_vpc_security_group_ingress_rule",
      "name": "app_internal_http_8083",
      "provider": "provider[\"registry.terraform.io/hashicorp/aws\"]",
      "instances": [
        {
          "schema_version": 0,
          "attributes": {
            "arn": "arn:aws:ec2:us-east-1:697675505426:security-group-rule/sgr-03ee52f73a98f5175",
            "cidr_ipv4": null,
            "cidr_ipv6": null,
            "description": "Allow internal app communication on port 8083",
            "from_port": 8083,
            "id": "sgr-03ee52f73a98f5175",
            "ip_protocol": "tcp",
            "prefix_list_id": null,
            "referenced_security_group_id": "sg-0303d7e8e0a0c472f",
            "region": "us-east-1",
            "security_group_id": "sg-0303d7e8e0a0c472f",
            "security_group_rule_id": "sgr-03ee52f73a98f5175",
            "tags": null,
            "tags_all": {},
            "to_port": 8083
          },
          "sensitive_attributes": [],
          "identity_schema_version": 0,
          "identity": {
            "account_id": "697675505426",
            "id": "sgr-03ee52f73a98f5175",
            "region": "us-east-1"
          },
          "dependencies": [
            "aws_security_group.app",
            "aws_vpc.main"
          ]
        }
      ]
    },
    {
      "mode": "managed",
      "type": "aws_vpc_security_group_ingress_rule",
      "name": "app_processing_service_from_alb",
      "provider": "provider[\"registry.terraform.io/hashicorp/aws\"]",
      "instances": [
        {
          "schema_version": 0,
          "attributes": {
            "arn": "arn:aws:ec2:us-east-1:697675505426:security-group-rule/sgr-0cb2df08cd7601ad4",
            "cidr_ipv4": null,
            "cidr_ipv6": null,
            "description": "Allow ALB to access processing-service if needed",
            "from_port": 8082,
            "id": "sgr-0cb2df08cd7601ad4",
            "ip_protocol": "tcp",
            "prefix_list_id": null,
            "referenced_security_group_id": "sg-0c67c2a7481cb1cdd",
            "region": "us-east-1",
            "security_group_id": "sg-0303d7e8e0a0c472f",
            "security_group_rule_id": "sgr-0cb2df08cd7601ad4",
            "tags": null,
            "tags_all": {},
            "to_port": 8082
          },
          "sensitive_attributes": [],
          "identity_schema_version": 0,
          "identity": {
            "account_id": "697675505426",
            "id": "sgr-0cb2df08cd7601ad4",
            "region": "us-east-1"
          },
          "dependencies": [
            "aws_security_group.alb",
            "aws_security_group.app",
            "aws_vpc.main"
          ]
        }
      ]
    },
    {
      "mode": "managed",
      "type": "aws_vpc_security_group_ingress_rule",
      "name": "kafka_from_apps",
      "provider": "provider[\"registry.terraform.io/hashicorp/aws\"]",
      "instances": [
        {
          "schema_version": 0,
          "attributes": {
            "arn": "arn:aws:ec2:us-east-1:697675505426:security-group-rule/sgr-0fe4159eaf2f342a4",
            "cidr_ipv4": null,
            "cidr_ipv6": null,
            "description": "Allow application services to access Kafka broker",
            "from_port": 9092,
            "id": "sgr-0fe4159eaf2f342a4",
            "ip_protocol": "tcp",
            "prefix_list_id": null,
            "referenced_security_group_id": "sg-0303d7e8e0a0c472f",
            "region": "us-east-1",
            "security_group_id": "sg-05093800caea2b13b",
            "security_group_rule_id": "sgr-0fe4159eaf2f342a4",
            "tags": null,
            "tags_all": {},
            "to_port": 9092
          },
          "sensitive_attributes": [],
          "identity_schema_version": 0,
          "identity": {
            "account_id": "697675505426",
            "id": "sgr-0fe4159eaf2f342a4",
            "region": "us-east-1"
          },
          "dependencies": [
            "aws_security_group.app",
            "aws_security_group.kafka",
            "aws_vpc.main"
          ]
        }
      ]
    },
    {
      "mode": "managed",
      "type": "aws_vpc_security_group_ingress_rule",
      "name": "rds_from_apps",
      "provider": "provider[\"registry.terraform.io/hashicorp/aws\"]",
      "instances": [
        {
          "schema_version": 0,
          "attributes": {
            "arn": "arn:aws:ec2:us-east-1:697675505426:security-group-rule/sgr-0de11dd907e5f67ac",
            "cidr_ipv4": null,
            "cidr_ipv6": null,
            "description": "Allow application services to access PostgreSQL RDS",
            "from_port": 5432,
            "id": "sgr-0de11dd907e5f67ac",
            "ip_protocol": "tcp",
            "prefix_list_id": null,
            "referenced_security_group_id": "sg-0303d7e8e0a0c472f",
            "region": "us-east-1",
            "security_group_id": "sg-054c2e9f4f8f452fe",
            "security_group_rule_id": "sgr-0de11dd907e5f67ac",
            "tags": null,
            "tags_all": {},
            "to_port": 5432
          },
          "sensitive_attributes": [],
          "identity_schema_version": 0,
          "identity": {
            "account_id": "697675505426",
            "id": "sgr-0de11dd907e5f67ac",
            "region": "us-east-1"
          },
          "dependencies": [
            "aws_security_group.app",
            "aws_security_group.rds",
            "aws_vpc.main"
          ]
        }
      ]
    },
    {
      "mode": "managed",
      "type": "aws_vpc_security_group_ingress_rule",
      "name": "ssh_from_my_ip",
      "provider": "provider[\"registry.terraform.io/hashicorp/aws\"]",
      "instances": [
        {
          "schema_version": 0,
          "attributes": {
            "arn": "arn:aws:ec2:us-east-1:697675505426:security-group-rule/sgr-024954353f78ba420",
            "cidr_ipv4": "200.152.111.59/32",
            "cidr_ipv6": null,
            "description": "Allow SSH from my public IP",
            "from_port": 22,
            "id": "sgr-024954353f78ba420",
            "ip_protocol": "tcp",
            "prefix_list_id": null,
            "referenced_security_group_id": null,
            "region": "us-east-1",
            "security_group_id": "sg-01f297abca306daa9",
            "security_group_rule_id": "sgr-024954353f78ba420",
            "tags": null,
            "tags_all": {},
            "to_port": 22
          },
          "sensitive_attributes": [],
          "identity_schema_version": 0,
          "identity": {
            "account_id": "697675505426",
            "id": "sgr-024954353f78ba420",
            "region": "us-east-1"
          },
          "dependencies": [
            "aws_security_group.ssh",
            "aws_vpc.main"
          ]
        }
      ]
    }
  ],
  "check_results": null
}
